
Microsoft Visual Studio Solution File, Format Version 12.00
# Visual Studio Version 17
VisualStudioVersion = 17.13.35825.156 d17.13
MinimumVisualStudioVersion = 10.0.40219.1
Project("{FAE04EC0-301F-11D3-BF4B-00C04F79EFBC}") = "GestaoDeEquipamentos.ConsoleApp", "GestaoDeEquipamentos.ConsoleApp\GestaoDeEquipamentos.ConsoleApp.csproj", "{2D78B9CF-E7CF-492C-B1D8-1C5AE0CA45E7}"
EndProject
Global
	GlobalSection(SolutionConfigurationPlatforms) = preSolution
		Debug|Any CPU = Debug|Any CPU
		Release|Any CPU = Release|Any CPU
	EndGlobalSection
	GlobalSection(ProjectConfigurationPlatforms) = postSolution
		{2D78B9CF-E7CF-492C-B1D8-1C5AE0CA45E7}.Debug|Any CPU.ActiveCfg = Debug|Any CPU
		{2D78B9CF-E7CF-492C-B1D8-1C5AE0CA45E7}.Debug|Any CPU.Build.0 = Debug|Any CPU
		{2D78B9CF-E7CF-492C-B1D8-1C5AE0CA45E7}.Release|Any CPU.ActiveCfg = Release|Any CPU
		{2D78B9CF-E7CF-492C-B1D8-1C5AE0CA45E7}.Release|Any CPU.Build.0 = Release|Any CPU
	EndGlobalSection
	GlobalSection(SolutionProperties) = preSolution
		HideSolutionNode = FALSE
	EndGlobalSection
	GlobalSection(ExtensibilityGlobals) = postSolution
		SolutionGuid = {CBF0F87B-0870-422C-A8C8-C849C89F0DC3}
	EndGlobalSection
EndGlobal
